
Microsoft Visual Studio Solution File, Format Version 12.00
# Visual Studio 15
VisualStudioVersion = 15.0.28307.421
MinimumVisualStudioVersion = 10.0.40219.1
Project("{FAE04EC0-301F-11D3-BF4B-00C04F79EFBC}") = "PartyInvitations", "PartyInvitations\PartyInvitations.csproj", "{1C0A96C1-7E87-4507-B1D3-B7E6AD020846}"
EndProject
Global
	GlobalSection(SolutionConfigurationPlatforms) = preSolution
		Debug|Any CPU = Debug|Any CPU
		Release|Any CPU = Release|Any CPU
	EndGlobalSection
	GlobalSection(ProjectConfigurationPlatforms) = postSolution
		{1C0A96C1-7E87-4507-B1D3-B7E6AD020846}.Debug|Any CPU.ActiveCfg = Debug|Any CPU
		{1C0A96C1-7E87-4507-B1D3-B7E6AD020846}.Debug|Any CPU.Build.0 = Debug|Any CPU
		{1C0A96C1-7E87-4507-B1D3-B7E6AD020846}.Release|Any CPU.ActiveCfg = Release|Any CPU
		{1C0A96C1-7E87-4507-B1D3-B7E6AD020846}.Release|Any CPU.Build.0 = Release|Any CPU
	EndGlobalSection
	GlobalSection(SolutionProperties) = preSolution
		HideSolutionNode = FALSE
	EndGlobalSection
	GlobalSection(ExtensibilityGlobals) = postSolution
		SolutionGuid = {1B128B42-0D5F-4404-A278-BC14C1B33C1B}
	EndGlobalSection
EndGlobal
